
Microsoft Visual Studio Solution File, Format Version 12.00
# Visual Studio Version 17
VisualStudioVersion = 17.5.002.0
MinimumVisualStudioVersion = 10.0.40219.1
Project("{9A19103F-16F7-4668-BE54-9A1E7A4F7556}") = "tl1-tp8-2024-exe2002", "tl1-tp8-2024-exe2002.csproj", "{7A6B8ACD-9EA9-4CA7-A331-C455C2AE6619}"
EndProject
Global
	GlobalSection(SolutionConfigurationPlatforms) = preSolution
		Debug|Any CPU = Debug|Any CPU
		Release|Any CPU = Release|Any CPU
	EndGlobalSection
	GlobalSection(ProjectConfigurationPlatforms) = postSolution
		{7A6B8ACD-9EA9-4CA7-A331-C455C2AE6619}.Debug|Any CPU.ActiveCfg = Debug|Any CPU
		{7A6B8ACD-9EA9-4CA7-A331-C455C2AE6619}.Debug|Any CPU.Build.0 = Debug|Any CPU
		{7A6B8ACD-9EA9-4CA7-A331-C455C2AE6619}.Release|Any CPU.ActiveCfg = Release|Any CPU
		{7A6B8ACD-9EA9-4CA7-A331-C455C2AE6619}.Release|Any CPU.Build.0 = Release|Any CPU
	EndGlobalSection
	GlobalSection(SolutionProperties) = preSolution
		HideSolutionNode = FALSE
	EndGlobalSection
	GlobalSection(ExtensibilityGlobals) = postSolution
		SolutionGuid = {8EB559E3-2CB4-4CCD-9823-B6DACA3E92B1}
	EndGlobalSection
EndGlobal
